
Microsoft Visual Studio Solution File, Format Version 12.00
# Visual Studio Version 17
VisualStudioVersion = 17.3.32922.545
MinimumVisualStudioVersion = 10.0.40219.1
Project("{9A19103F-16F7-4668-BE54-9A1E7A4F7556}") = "DotNet5_web", "DotNet5_web\DotNet5_web.csproj", "{40BE4B15-46D8-4941-AF23-06C49BA9D42C}"
EndProject
Project("{9A19103F-16F7-4668-BE54-9A1E7A4F7556}") = "DotNet5_web.Core", "DotNet5_web.Core\DotNet5_web.Core.csproj", "{EF63A03B-A989-4D5D-9D6F-7AB9DFE837AA}"
EndProject
Project("{9A19103F-16F7-4668-BE54-9A1E7A4F7556}") = "DotNet5_web.Infra", "DotNet5_web.Infra\DotNet5_web.Infra.csproj", "{D83D5595-81C0-43CF-AB56-95E7F6245055}"
EndProject
Project("{9A19103F-16F7-4668-BE54-9A1E7A4F7556}") = "DotNet5_web.API", "DotNet5_web.API\DotNet5_web.API.csproj", "{6F05BB12-2468-49BE-94DC-B80EB3F897C3}"
EndProject
Project("{FAE04EC0-301F-11D3-BF4B-00C04F79EFBC}") = "DotNet5_web.OcelotApiGw", "DotNet5_web.OcelotApiGw\DotNet5_web.OcelotApiGw.csproj", "{B3C1E5B4-D83F-4F2D-A44D-9724BA2EA57D}"
EndProject
Global
	GlobalSection(SolutionConfigurationPlatforms) = preSolution
		Debug|Any CPU = Debug|Any CPU
		Release|Any CPU = Release|Any CPU
	EndGlobalSection
	GlobalSection(ProjectConfigurationPlatforms) = postSolution
		{40BE4B15-46D8-4941-AF23-06C49BA9D42C}.Debug|Any CPU.ActiveCfg = Debug|Any CPU
		{40BE4B15-46D8-4941-AF23-06C49BA9D42C}.Debug|Any CPU.Build.0 = Debug|Any CPU
		{40BE4B15-46D8-4941-AF23-06C49BA9D42C}.Release|Any CPU.ActiveCfg = Release|Any CPU
		{40BE4B15-46D8-4941-AF23-06C49BA9D42C}.Release|Any CPU.Build.0 = Release|Any CPU
		{EF63A03B-A989-4D5D-9D6F-7AB9DFE837AA}.Debug|Any CPU.ActiveCfg = Debug|Any CPU
		{EF63A03B-A989-4D5D-9D6F-7AB9DFE837AA}.Debug|Any CPU.Build.0 = Debug|Any CPU
		{EF63A03B-A989-4D5D-9D6F-7AB9DFE837AA}.Release|Any CPU.ActiveCfg = Release|Any CPU
		{EF63A03B-A989-4D5D-9D6F-7AB9DFE837AA}.Release|Any CPU.Build.0 = Release|Any CPU
		{D83D5595-81C0-43CF-AB56-95E7F6245055}.Debug|Any CPU.ActiveCfg = Debug|Any CPU
		{D83D5595-81C0-43CF-AB56-95E7F6245055}.Debug|Any CPU.Build.0 = Debug|Any CPU
		{D83D5595-81C0-43CF-AB56-95E7F6245055}.Release|Any CPU.ActiveCfg = Release|Any CPU
		{D83D5595-81C0-43CF-AB56-95E7F6245055}.Release|Any CPU.Build.0 = Release|Any CPU
		{6F05BB12-2468-49BE-94DC-B80EB3F897C3}.Debug|Any CPU.ActiveCfg = Debug|Any CPU
		{6F05BB12-2468-49BE-94DC-B80EB3F897C3}.Debug|Any CPU.Build.0 = Debug|Any CPU
		{6F05BB12-2468-49BE-94DC-B80EB3F897C3}.Release|Any CPU.ActiveCfg = Release|Any CPU
		{6F05BB12-2468-49BE-94DC-B80EB3F897C3}.Release|Any CPU.Build.0 = Release|Any CPU
		{B3C1E5B4-D83F-4F2D-A44D-9724BA2EA57D}.Debug|Any CPU.ActiveCfg = Debug|Any CPU
		{B3C1E5B4-D83F-4F2D-A44D-9724BA2EA57D}.Debug|Any CPU.Build.0 = Debug|Any CPU
		{B3C1E5B4-D83F-4F2D-A44D-9724BA2EA57D}.Release|Any CPU.ActiveCfg = Release|Any CPU
		{B3C1E5B4-D83F-4F2D-A44D-9724BA2EA57D}.Release|Any CPU.Build.0 = Release|Any CPU
	EndGlobalSection
	GlobalSection(SolutionProperties) = preSolution
		HideSolutionNode = FALSE
	EndGlobalSection
	GlobalSection(ExtensibilityGlobals) = postSolution
		SolutionGuid = {1E7B3694-3674-44AB-A032-57F87EA8D2BC}
	EndGlobalSection
EndGlobal
